
Microsoft Visual Studio Solution File, Format Version 12.00
# Visual Studio Version 17
VisualStudioVersion = 17.13.35828.75
MinimumVisualStudioVersion = 10.0.40219.1
Project("{FAE04EC0-301F-11D3-BF4B-00C04F79EFBC}") = "KeyStore", "KeyStore\KeyStore.csproj", "{BB575484-FEE2-449E-A6BB-237F2DA9A49A}"
EndProject
Project("{FAE04EC0-301F-11D3-BF4B-00C04F79EFBC}") = "Tests", "Tests\Tests.csproj", "{D04C4B37-0309-47F9-BFED-D6AC3551CE41}"
EndProject
Project("{2150E333-8FDC-42A3-9474-1A3956D46DE8}") = "Solution Items", "Solution Items", "{EF1E0D42-2D97-4584-91A1-DBD283A7406A}"
	ProjectSection(SolutionItems) = preProject
		docker-compose.yml = docker-compose.yml
	EndProjectSection
EndProject
Global
	GlobalSection(SolutionConfigurationPlatforms) = preSolution
		Debug|Any CPU = Debug|Any CPU
		Release|Any CPU = Release|Any CPU
	EndGlobalSection
	GlobalSection(ProjectConfigurationPlatforms) = postSolution
		{BB575484-FEE2-449E-A6BB-237F2DA9A49A}.Debug|Any CPU.ActiveCfg = Debug|Any CPU
		{BB575484-FEE2-449E-A6BB-237F2DA9A49A}.Debug|Any CPU.Build.0 = Debug|Any CPU
		{BB575484-FEE2-449E-A6BB-237F2DA9A49A}.Release|Any CPU.ActiveCfg = Release|Any CPU
		{BB575484-FEE2-449E-A6BB-237F2DA9A49A}.Release|Any CPU.Build.0 = Release|Any CPU
		{D04C4B37-0309-47F9-BFED-D6AC3551CE41}.Debug|Any CPU.ActiveCfg = Debug|Any CPU
		{D04C4B37-0309-47F9-BFED-D6AC3551CE41}.Debug|Any CPU.Build.0 = Debug|Any CPU
		{D04C4B37-0309-47F9-BFED-D6AC3551CE41}.Release|Any CPU.ActiveCfg = Release|Any CPU
		{D04C4B37-0309-47F9-BFED-D6AC3551CE41}.Release|Any CPU.Build.0 = Release|Any CPU
	EndGlobalSection
	GlobalSection(SolutionProperties) = preSolution
		HideSolutionNode = FALSE
	EndGlobalSection
	GlobalSection(ExtensibilityGlobals) = postSolution
		SolutionGuid = {DA1041BF-C850-4C0B-9C03-DC1821ADA978}
	EndGlobalSection
EndGlobal
